// !$*UTF8*$!
{
	archiveVersion = 1;
	classes = {
	};
	objectVersion = 77;
	objects = {

/* Begin PBXBuildFile section */
		143E69382D53790E00EEECE6 /* SwiftUIDrawer in Frameworks */ = {isa = PBXBuildFile; productRef = 143E69372D53790E00EEECE6 /* SwiftUIDrawer */; };
		147368662D2D502000F6AEF9 /* SwiftUIDrawer in Frameworks */ = {isa = PBXBuildFile; productRef = 147368652D2D502000F6AEF9 /* SwiftUIDrawer */; };
/* End PBXBuildFile section */

/* Begin PBXContainerItemProxy section */
		14176C422D0E2AA0000AC841 /* PBXContainerItemProxy */ = {
			isa = PBXContainerItemProxy;
			containerPortal = 14176C1E2D0E2A9F000AC841 /* Project object */;
			proxyType = 1;
			remoteGlobalIDString = 14176C252D0E2A9F000AC841;
			remoteInfo = "SwiftUIDrawer-Demo";
		};
/* End PBXContainerItemProxy section */

/* Begin PBXFileReference section */
		14176C262D0E2A9F000AC841 /* SwiftUIDrawer-Demo.app */ = {isa = PBXFileReference; explicitFileType = wrapper.application; includeInIndex = 0; path = "SwiftUIDrawer-Demo.app"; sourceTree = BUILT_PRODUCTS_DIR; };
		14176C412D0E2AA0000AC841 /* SwiftUIDrawer-DemoUITests.xctest */ = {isa = PBXFileReference; explicitFileType = wrapper.cfbundle; includeInIndex = 0; path = "SwiftUIDrawer-DemoUITests.xctest"; sourceTree = BUILT_PRODUCTS_DIR; };
		14176C7C2D0E2BA4000AC841 /* SwiftUIDrawer */ = {isa = PBXFileReference; lastKnownFileType = wrapper; name = SwiftUIDrawer; path = ..; sourceTree = "<group>"; };
/* End PBXFileReference section */

/* Begin PBXFileSystemSynchronizedRootGroup section */
		14176C282D0E2A9F000AC841 /* SwiftUIDrawer-Demo */ = {
			isa = PBXFileSystemSynchronizedRootGroup;
			path = "SwiftUIDrawer-Demo";
			sourceTree = "<group>";
		};
		14176C442D0E2AA0000AC841 /* SwiftUIDrawer-DemoUITests */ = {
			isa = PBXFileSystemSynchronizedRootGroup;
			path = "SwiftUIDrawer-DemoUITests";
			sourceTree = "<group>";
		};
/* End PBXFileSystemSynchronizedRootGroup section */

/* Begin PBXFrameworksBuildPhase section */
		14176C232D0E2A9F000AC841 /* Frameworks */ = {
			isa = PBXFrameworksBuildPhase;
			buildActionMask = 2147483647;
			files = (
				143E69382D53790E00EEECE6 /* SwiftUIDrawer in Frameworks */,
			);
			runOnlyForDeploymentPostprocessing = 0;
		};
		14176C3E2D0E2AA0000AC841 /* Frameworks */ = {
			isa = PBXFrameworksBuildPhase;
			buildActionMask = 2147483647;
			files = (
				147368662D2D502000F6AEF9 /* SwiftUIDrawer in Frameworks */,
			);
			runOnlyForDeploymentPostprocessing = 0;
		};
/* End PBXFrameworksBuildPhase section */

/* Begin PBXGroup section */
		14176C1D2D0E2A9F000AC841 = {
			isa = PBXGroup;
			children = (
				14176C282D0E2A9F000AC841 /* SwiftUIDrawer-Demo */,
				14176C442D0E2AA0000AC841 /* SwiftUIDrawer-DemoUITests */,
				14176C7B2D0E2BA4000AC841 /* Frameworks */,
				14176C272D0E2A9F000AC841 /* Products */,
			);
			sourceTree = "<group>";
		};
		14176C272D0E2A9F000AC841 /* Products */ = {
			isa = PBXGroup;
			children = (
				14176C262D0E2A9F000AC841 /* SwiftUIDrawer-Demo.app */,
				14176C412D0E2AA0000AC841 /* SwiftUIDrawer-DemoUITests.xctest */,
			);
			name = Products;
			sourceTree = "<group>";
		};
		14176C7B2D0E2BA4000AC841 /* Frameworks */ = {
			isa = PBXGroup;
			children = (
				14176C7C2D0E2BA4000AC841 /* SwiftUIDrawer */,
			);
			name = Frameworks;
			sourceTree = "<group>";
		};
/* End PBXGroup section */

/* Begin PBXNativeTarget section */
		14176C252D0E2A9F000AC841 /* SwiftUIDrawer-Demo */ = {
			isa = PBXNativeTarget;
			buildConfigurationList = 14176C4B2D0E2AA0000AC841 /* Build configuration list for PBXNativeTarget "SwiftUIDrawer-Demo" */;
			buildPhases = (
				14176C222D0E2A9F000AC841 /* Sources */,
				14176C232D0E2A9F000AC841 /* Frameworks */,
				14176C242D0E2A9F000AC841 /* Resources */,
			);
			buildRules = (
			);
			dependencies = (
			);
			fileSystemSynchronizedGroups = (
				14176C282D0E2A9F000AC841 /* SwiftUIDrawer-Demo */,
			);
			name = "SwiftUIDrawer-Demo";
			packageProductDependencies = (
				143E69372D53790E00EEECE6 /* SwiftUIDrawer */,
			);
			productName = "SwiftUIDrawer-Demo";
			productReference = 14176C262D0E2A9F000AC841 /* SwiftUIDrawer-Demo.app */;
			productType = "com.apple.product-type.application";
		};
		14176C402D0E2AA0000AC841 /* SwiftUIDrawer-DemoUITests */ = {
			isa = PBXNativeTarget;
			buildConfigurationList = 14176C512D0E2AA0000AC841 /* Build configuration list for PBXNativeTarget "SwiftUIDrawer-DemoUITests" */;
			buildPhases = (
				14176C3D2D0E2AA0000AC841 /* Sources */,
				14176C3E2D0E2AA0000AC841 /* Frameworks */,
				14176C3F2D0E2AA0000AC841 /* Resources */,
			);
			buildRules = (
			);
			dependencies = (
				14176C432D0E2AA0000AC841 /* PBXTargetDependency */,
			);
			fileSystemSynchronizedGroups = (
				14176C442D0E2AA0000AC841 /* SwiftUIDrawer-DemoUITests */,
			);
			name = "SwiftUIDrawer-DemoUITests";
			packageProductDependencies = (
				147368652D2D502000F6AEF9 /* SwiftUIDrawer */,
			);
			productName = "SwiftUIDrawer-DemoUITests";
			productReference = 14176C412D0E2AA0000AC841 /* SwiftUIDrawer-DemoUITests.xctest */;
			productType = "com.apple.product-type.bundle.ui-testing";
		};
/* End PBXNativeTarget section */

/* Begin PBXProject section */
		14176C1E2D0E2A9F000AC841 /* Project object */ = {
			isa = PBXProject;
			attributes = {
				BuildIndependentTargetsInParallel = 1;
				LastSwiftUpdateCheck = 1610;
				LastUpgradeCheck = 1610;
				TargetAttributes = {
					14176C252D0E2A9F000AC841 = {
						CreatedOnToolsVersion = 16.1;
					};
					14176C402D0E2AA0000AC841 = {
						CreatedOnToolsVersion = 16.1;
						TestTargetID = 14176C252D0E2A9F000AC841;
					};
				};
			};
			buildConfigurationList = 14176C212D0E2A9F000AC841 /* Build configuration list for PBXProject "SwiftUIDrawer-Demo" */;
			developmentRegion = en;
			hasScannedForEncodings = 0;
			knownRegions = (
				en,
				Base,
			);
			mainGroup = 14176C1D2D0E2A9F000AC841;
			minimizedProjectReferenceProxies = 1;
			packageReferences = (
				143E69362D53790E00EEECE6 /* XCLocalSwiftPackageReference "../../SwiftUIDrawer" */,
			);
			preferredProjectObjectVersion = 77;
			productRefGroup = 14176C272D0E2A9F000AC841 /* Products */;
			projectDirPath = "";
			projectRoot = "";
			targets = (
				14176C252D0E2A9F000AC841 /* SwiftUIDrawer-Demo */,
				14176C402D0E2AA0000AC841 /* SwiftUIDrawer-DemoUITests */,
			);
		};
/* End PBXProject section */

/* Begin PBXResourcesBuildPhase section */
		14176C242D0E2A9F000AC841 /* Resources */ = {
			isa = PBXResourcesBuildPhase;
			buildActionMask = 2147483647;
			files = (
			);
			runOnlyForDeploymentPostprocessing = 0;
		};
		14176C3F2D0E2AA0000AC841 /* Resources */ = {
			isa = PBXResourcesBuildPhase;
			buildActionMask = 2147483647;
			files = (
			);
			runOnlyForDeploymentPostprocessing = 0;
		};
/* End PBXResourcesBuildPhase section */

/* Begin PBXSourcesBuildPhase section */
		14176C222D0E2A9F000AC841 /* Sources */ = {
			isa = PBXSourcesBuildPhase;
			buildActionMask = 2147483647;
			files = (
			);
			runOnlyForDeploymentPostprocessing = 0;
		};
		14176C3D2D0E2AA0000AC841 /* Sources */ = {
			isa = PBXSourcesBuildPhase;
			buildActionMask = 2147483647;
			files = (
			);
			runOnlyForDeploymentPostprocessing = 0;
		};
/* End PBXSourcesBuildPhase section */

/* Begin PBXTargetDependency section */
		14176C432D0E2AA0000AC841 /* PBXTargetDependency */ = {
			isa = PBXTargetDependency;
			target = 14176C252D0E2A9F000AC841 /* SwiftUIDrawer-Demo */;
			targetProxy = 14176C422D0E2AA0000AC841 /* PBXContainerItemProxy */;
		};
/* End PBXTargetDependency section */

/* Begin XCBuildConfiguration section */
		14176C492D0E2AA0000AC841 /* Debug */ = {
			isa = XCBuildConfiguration;
			buildSettings = {
				ALWAYS_SEARCH_USER_PATHS = NO;
				ASSETCATALOG_COMPILER_GENERATE_SWIFT_ASSET_SYMBOL_EXTENSIONS = YES;
				CLANG_ANALYZER_NONNULL = YES;
				CLANG_ANALYZER_NUMBER_OBJECT_CONVERSION = YES_AGGRESSIVE;
				CLANG_CXX_LANGUAGE_STANDARD = "gnu++20";
				CLANG_ENABLE_MODULES = YES;
				CLANG_ENABLE_OBJC_ARC = YES;
				CLANG_ENABLE_OBJC_WEAK = YES;
				CLANG_WARN_BLOCK_CAPTURE_AUTORELEASING = YES;
				CLANG_WARN_BOOL_CONVERSION = YES;
				CLANG_WARN_COMMA = YES;
				CLANG_WARN_CONSTANT_CONVERSION = YES;
				CLANG_WARN_DEPRECATED_OBJC_IMPLEMENTATIONS = YES;
				CLANG_WARN_DIRECT_OBJC_ISA_USAGE = YES_ERROR;
				CLANG_WARN_DOCUMENTATION_COMMENTS = YES;
				CLANG_WARN_EMPTY_BODY = YES;
				CLANG_WARN_ENUM_CONVERSION = YES;
				CLANG_WARN_INFINITE_RECURSION = YES;
				CLANG_WARN_INT_CONVERSION = YES;
				CLANG_WARN_NON_LITERAL_NULL_CONVERSION = YES;
				CLANG_WARN_OBJC_IMPLICIT_RETAIN_SELF = YES;
				CLANG_WARN_OBJC_LITERAL_CONVERSION = YES;
				CLANG_WARN_OBJC_ROOT_CLASS = YES_ERROR;
				CLANG_WARN_QUOTED_INCLUDE_IN_FRAMEWORK_HEADER = YES;
				CLANG_WARN_RANGE_LOOP_ANALYSIS = YES;
				CLANG_WARN_STRICT_PROTOTYPES = YES;
				CLANG_WARN_SUSPICIOUS_MOVE = YES;
				CLANG_WARN_UNGUARDED_AVAILABILITY = YES_AGGRESSIVE;
				CLANG_WARN_UNREACHABLE_CODE = YES;
				CLANG_WARN__DUPLICATE_METHOD_MATCH = YES;
				COPY_PHASE_STRIP = NO;
				DEBUG_INFORMATION_FORMAT = dwarf;
				ENABLE_STRICT_OBJC_MSGSEND = YES;
				ENABLE_TESTABILITY = YES;
				ENABLE_USER_SCRIPT_SANDBOXING = YES;
				GCC_C_LANGUAGE_STANDARD = gnu17;
				GCC_DYNAMIC_NO_PIC = NO;
				GCC_NO_COMMON_BLOCKS = YES;
				GCC_OPTIMIZATION_LEVEL = 0;
				GCC_PREPROCESSOR_DEFINITIONS = (
					"DEBUG=1",
					"$(inherited)",
				);
				GCC_WARN_64_TO_32_BIT_CONVERSION = YES;
				GCC_WARN_ABOUT_RETURN_TYPE = YES_ERROR;
				GCC_WARN_UNDECLARED_SELECTOR = YES;
				GCC_WARN_UNINITIALIZED_AUTOS = YES_AGGRESSIVE;
				GCC_WARN_UNUSED_FUNCTION = YES;
				GCC_WARN_UNUSED_VARIABLE = YES;
				LOCALIZATION_PREFERS_STRING_CATALOGS = YES;
				MTL_ENABLE_DEBUG_INFO = INCLUDE_SOURCE;
				MTL_FAST_MATH = YES;
				ONLY_ACTIVE_ARCH = YES;
				SWIFT_ACTIVE_COMPILATION_CONDITIONS = "DEBUG $(inherited)";
				SWIFT_OPTIMIZATION_LEVEL = "-Onone";
			};
			name = Debug;
		};
		14176C4A2D0E2AA0000AC841 /* Release */ = {
			isa = XCBuildConfiguration;
			buildSettings = {
				ALWAYS_SEARCH_USER_PATHS = NO;
				ASSETCATALOG_COMPILER_GENERATE_SWIFT_ASSET_SYMBOL_EXTENSIONS = YES;
				CLANG_ANALYZER_NONNULL = YES;
				CLANG_ANALYZER_NUMBER_OBJECT_CONVERSION = YES_AGGRESSIVE;
				CLANG_CXX_LANGUAGE_STANDARD = "gnu++20";
				CLANG_ENABLE_MODULES = YES;
				CLANG_ENABLE_OBJC_ARC = YES;
				CLANG_ENABLE_OBJC_WEAK = YES;
				CLANG_WARN_BLOCK_CAPTURE_AUTORELEASING = YES;
				CLANG_WARN_BOOL_CONVERSION = YES;
				CLANG_WARN_COMMA = YES;
				CLANG_WARN_CONSTANT_CONVERSION = YES;
				CLANG_WARN_DEPRECATED_OBJC_IMPLEMENTATIONS = YES;
				CLANG_WARN_DIRECT_OBJC_ISA_USAGE = YES_ERROR;
				CLANG_WARN_DOCUMENTATION_COMMENTS = YES;
				CLANG_WARN_EMPTY_BODY = YES;
				CLANG_WARN_ENUM_CONVERSION = YES;
				CLANG_WARN_INFINITE_RECURSION = YES;
				CLANG_WARN_INT_CONVERSION = YES;
				CLANG_WARN_NON_LITERAL_NULL_CONVERSION = YES;
				CLANG_WARN_OBJC_IMPLICIT_RETAIN_SELF = YES;
				CLANG_WARN_OBJC_LITERAL_CONVERSION = YES;
				CLANG_WARN_OBJC_ROOT_CLASS = YES_ERROR;
				CLANG_WARN_QUOTED_INCLUDE_IN_FRAMEWORK_HEADER = YES;
				CLANG_WARN_RANGE_LOOP_ANALYSIS = YES;
				CLANG_WARN_STRICT_PROTOTYPES = YES;
				CLANG_WARN_SUSPICIOUS_MOVE = YES;
				CLANG_WARN_UNGUARDED_AVAILABILITY = YES_AGGRESSIVE;
				CLANG_WARN_UNREACHABLE_CODE = YES;
				CLANG_WARN__DUPLICATE_METHOD_MATCH = YES;
				COPY_PHASE_STRIP = NO;
				DEBUG_INFORMATION_FORMAT = "dwarf-with-dsym";
				ENABLE_NS_ASSERTIONS = NO;
				ENABLE_STRICT_OBJC_MSGSEND = YES;
				ENABLE_USER_SCRIPT_SANDBOXING = YES;
				GCC_C_LANGUAGE_STANDARD = gnu17;
				GCC_NO_COMMON_BLOCKS = YES;
				GCC_WARN_64_TO_32_BIT_CONVERSION = YES;
				GCC_WARN_ABOUT_RETURN_TYPE = YES_ERROR;
				GCC_WARN_UNDECLARED_SELECTOR = YES;
				GCC_WARN_UNINITIALIZED_AUTOS = YES_AGGRESSIVE;
				GCC_WARN_UNUSED_FUNCTION = YES;
				GCC_WARN_UNUSED_VARIABLE = YES;
				LOCALIZATION_PREFERS_STRING_CATALOGS = YES;
				MTL_ENABLE_DEBUG_INFO = NO;
				MTL_FAST_MATH = YES;
				SWIFT_COMPILATION_MODE = wholemodule;
			};
			name = Release;
		};
		14176C4C2D0E2AA0000AC841 /* Debug */ = {
			isa = XCBuildConfiguration;
			buildSettings = {
				ASSETCATALOG_COMPILER_APPICON_NAME = AppIcon;
				ASSETCATALOG_COMPILER_GLOBAL_ACCENT_COLOR_NAME = AccentColor;
				CODE_SIGN_ENTITLEMENTS = "SwiftUIDrawer-Demo/SwiftUIDrawer_Demo.entitlements";
				CODE_SIGN_STYLE = Automatic;
				CURRENT_PROJECT_VERSION = 1;
				DEVELOPMENT_ASSET_PATHS = "\"SwiftUIDrawer-Demo/Preview Content\"";
				DEVELOPMENT_TEAM = FBNH5NP9RY;
				ENABLE_HARDENED_RUNTIME = YES;
				ENABLE_PREVIEWS = YES;
				GENERATE_INFOPLIST_FILE = YES;
				"INFOPLIST_KEY_UIApplicationSceneManifest_Generation[sdk=iphoneos*]" = YES;
				"INFOPLIST_KEY_UIApplicationSceneManifest_Generation[sdk=iphonesimulator*]" = YES;
				"INFOPLIST_KEY_UIApplicationSupportsIndirectInputEvents[sdk=iphoneos*]" = YES;
				"INFOPLIST_KEY_UIApplicationSupportsIndirectInputEvents[sdk=iphonesimulator*]" = YES;
				"INFOPLIST_KEY_UILaunchScreen_Generation[sdk=iphoneos*]" = YES;
				"INFOPLIST_KEY_UILaunchScreen_Generation[sdk=iphonesimulator*]" = YES;
				"INFOPLIST_KEY_UIStatusBarStyle[sdk=iphoneos*]" = UIStatusBarStyleDefault;
				"INFOPLIST_KEY_UIStatusBarStyle[sdk=iphonesimulator*]" = UIStatusBarStyleDefault;
				INFOPLIST_KEY_UISupportedInterfaceOrientations_iPad = "UIInterfaceOrientationPortrait UIInterfaceOrientationPortraitUpsideDown UIInterfaceOrientationLandscapeLeft UIInterfaceOrientationLandscapeRight";
				INFOPLIST_KEY_UISupportedInterfaceOrientations_iPhone = UIInterfaceOrientationPortrait;
				IPHONEOS_DEPLOYMENT_TARGET = 15.0;
				LD_RUNPATH_SEARCH_PATHS = "@executable_path/Frameworks";
				"LD_RUNPATH_SEARCH_PATHS[sdk=macosx*]" = "@executable_path/../Frameworks";
				MACOSX_DEPLOYMENT_TARGET = 15.1;
				MARKETING_VERSION = 1.0;
				PRODUCT_BUNDLE_IDENTIFIER = "Winter-Productions.SwiftUIDrawer-Demo";
				PRODUCT_NAME = "$(TARGET_NAME)";
				SDKROOT = auto;
				SUPPORTED_PLATFORMS = "iphoneos iphonesimulator macosx xros xrsimulator";
				SWIFT_EMIT_LOC_STRINGS = YES;
				SWIFT_VERSION = 5.0;
				TARGETED_DEVICE_FAMILY = "1,2,7";
				XROS_DEPLOYMENT_TARGET = 2.1;
			};
			name = Debug;
		};
		14176C4D2D0E2AA0000AC841 /* Release */ = {
			isa = XCBuildConfiguration;
			buildSettings = {
				ASSETCATALOG_COMPILER_APPICON_NAME = AppIcon;
				ASSETCATALOG_COMPILER_GLOBAL_ACCENT_COLOR_NAME = AccentColor;
				CODE_SIGN_ENTITLEMENTS = "SwiftUIDrawer-Demo/SwiftUIDrawer_Demo.entitlements";
				CODE_SIGN_STYLE = Automatic;
				CURRENT_PROJECT_VERSION = 1;
				DEVELOPMENT_ASSET_PATHS = "\"SwiftUIDrawer-Demo/Preview Content\"";
				DEVELOPMENT_TEAM = FBNH5NP9RY;
				ENABLE_HARDENED_RUNTIME = YES;
				ENABLE_PREVIEWS = YES;
				GENERATE_INFOPLIST_FILE = YES;
				"INFOPLIST_KEY_UIApplicationSceneManifest_Generation[sdk=iphoneos*]" = YES;
				"INFOPLIST_KEY_UIApplicationSceneManifest_Generation[sdk=iphonesimulator*]" = YES;
				"INFOPLIST_KEY_UIApplicationSupportsIndirectInputEvents[sdk=iphoneos*]" = YES;
				"INFOPLIST_KEY_UIApplicationSupportsIndirectInputEvents[sdk=iphonesimulator*]" = YES;
				"INFOPLIST_KEY_UILaunchScreen_Generation[sdk=iphoneos*]" = YES;
				"INFOPLIST_KEY_UILaunchScreen_Generation[sdk=iphonesimulator*]" = YES;
				"INFOPLIST_KEY_UIStatusBarStyle[sdk=iphoneos*]" = UIStatusBarStyleDefault;
				"INFOPLIST_KEY_UIStatusBarStyle[sdk=iphonesimulator*]" = UIStatusBarStyleDefault;
				INFOPLIST_KEY_UISupportedInterfaceOrientations_iPad = "UIInterfaceOrientationPortrait UIInterfaceOrientationPortraitUpsideDown UIInterfaceOrientationLandscapeLeft UIInterfaceOrientationLandscapeRight";
				INFOPLIST_KEY_UISupportedInterfaceOrientations_iPhone = UIInterfaceOrientationPortrait;
				IPHONEOS_DEPLOYMENT_TARGET = 15.0;
				LD_RUNPATH_SEARCH_PATHS = "@executable_path/Frameworks";
				"LD_RUNPATH_SEARCH_PATHS[sdk=macosx*]" = "@executable_path/../Frameworks";
				MACOSX_DEPLOYMENT_TARGET = 15.1;
				MARKETING_VERSION = 1.0;
				PRODUCT_BUNDLE_IDENTIFIER = "Winter-Productions.SwiftUIDrawer-Demo";
				PRODUCT_NAME = "$(TARGET_NAME)";
				SDKROOT = auto;
				SUPPORTED_PLATFORMS = "iphoneos iphonesimulator macosx xros xrsimulator";
				SWIFT_EMIT_LOC_STRINGS = YES;
				SWIFT_VERSION = 5.0;
				TARGETED_DEVICE_FAMILY = "1,2,7";
				XROS_DEPLOYMENT_TARGET = 2.1;
			};
			name = Release;
		};
		14176C522D0E2AA0000AC841 /* Debug */ = {
			isa = XCBuildConfiguration;
			buildSettings = {
				CODE_SIGN_STYLE = Automatic;
				CURRENT_PROJECT_VERSION = 1;
				DEVELOPMENT_TEAM = FBNH5NP9RY;
				GENERATE_INFOPLIST_FILE = YES;
				IPHONEOS_DEPLOYMENT_TARGET = 18.1;
				MACOSX_DEPLOYMENT_TARGET = 15.1;
				MARKETING_VERSION = 1.0;
				PRODUCT_BUNDLE_IDENTIFIER = "Winter-Productions.SwiftUIDrawer-DemoUITests";
				PRODUCT_NAME = "$(TARGET_NAME)";
				SDKROOT = auto;
				SUPPORTED_PLATFORMS = "iphoneos iphonesimulator macosx xros xrsimulator";
				SWIFT_EMIT_LOC_STRINGS = NO;
				SWIFT_VERSION = 5.0;
				TARGETED_DEVICE_FAMILY = "1,2,7";
				TEST_TARGET_NAME = "SwiftUIDrawer-Demo";
				XROS_DEPLOYMENT_TARGET = 2.1;
			};
			name = Debug;
		};
		14176C532D0E2AA0000AC841 /* Release */ = {
			isa = XCBuildConfiguration;
			buildSettings = {
				CODE_SIGN_STYLE = Automatic;
				CURRENT_PROJECT_VERSION = 1;
				DEVELOPMENT_TEAM = FBNH5NP9RY;
				GENERATE_INFOPLIST_FILE = YES;
				IPHONEOS_DEPLOYMENT_TARGET = 18.1;
				MACOSX_DEPLOYMENT_TARGET = 15.1;
				MARKETING_VERSION = 1.0;
				PRODUCT_BUNDLE_IDENTIFIER = "Winter-Productions.SwiftUIDrawer-DemoUITests";
				PRODUCT_NAME = "$(TARGET_NAME)";
				SDKROOT = auto;
				SUPPORTED_PLATFORMS = "iphoneos iphonesimulator macosx xros xrsimulator";
				SWIFT_EMIT_LOC_STRINGS = NO;
				SWIFT_VERSION = 5.0;
				TARGETED_DEVICE_FAMILY = "1,2,7";
				TEST_TARGET_NAME = "SwiftUIDrawer-Demo";
				XROS_DEPLOYMENT_TARGET = 2.1;
			};
			name = Release;
		};
/* End XCBuildConfiguration section */

/* Begin XCConfigurationList section */
		14176C212D0E2A9F000AC841 /* Build configuration list for PBXProject "SwiftUIDrawer-Demo" */ = {
			isa = XCConfigurationList;
			buildConfigurations = (
				14176C492D0E2AA0000AC841 /* Debug */,
				14176C4A2D0E2AA0000AC841 /* Release */,
			);
			defaultConfigurationIsVisible = 0;
			defaultConfigurationName = Release;
		};
		14176C4B2D0E2AA0000AC841 /* Build configuration list for PBXNativeTarget "SwiftUIDrawer-Demo" */ = {
			isa = XCConfigurationList;
			buildConfigurations = (
				14176C4C2D0E2AA0000AC841 /* Debug */,
				14176C4D2D0E2AA0000AC841 /* Release */,
			);
			defaultConfigurationIsVisible = 0;
			defaultConfigurationName = Release;
		};
		14176C512D0E2AA0000AC841 /* Build configuration list for PBXNativeTarget "SwiftUIDrawer-DemoUITests" */ = {
			isa = XCConfigurationList;
			buildConfigurations = (
				14176C522D0E2AA0000AC841 /* Debug */,
				14176C532D0E2AA0000AC841 /* Release */,
			);
			defaultConfigurationIsVisible = 0;
			defaultConfigurationName = Release;
		};
/* End XCConfigurationList section */

/* Begin XCLocalSwiftPackageReference section */
		143E69362D53790E00EEECE6 /* XCLocalSwiftPackageReference "../../SwiftUIDrawer" */ = {
			isa = XCLocalSwiftPackageReference;
			relativePath = ../../SwiftUIDrawer;
		};
/* End XCLocalSwiftPackageReference section */

/* Begin XCSwiftPackageProductDependency section */
		143E69372D53790E00EEECE6 /* SwiftUIDrawer */ = {
			isa = XCSwiftPackageProductDependency;
			productName = SwiftUIDrawer;
		};
		147368652D2D502000F6AEF9 /* SwiftUIDrawer */ = {
			isa = XCSwiftPackageProductDependency;
			productName = SwiftUIDrawer;
		};
/* End XCSwiftPackageProductDependency section */
	};
	rootObject = 14176C1E2D0E2A9F000AC841 /* Project object */;
}
